{
	"name": "zapier-platform-core",
	"version": "10.1.1",
	"lockfileVersion": 1,
	"requires": true,
	"dependencies": {
		"@types/node": {
			"version": "10.17.21",
			"resolved": "https://registry.npmjs.org/@types/node/-/node-10.17.21.tgz",
			"integrity": "sha512-PQKsydPxYxF1DsAFWmunaxd3sOi3iMt6Zmx/tgaagHYmwJ/9cRH91hQkeJZaUGWbvn0K5HlSVEXkn5U/llWPpQ==",
			"optional": true
		},
		"adm-zip": {
			"version": "0.4.14",
			"resolved": "https://registry.npmjs.org/adm-zip/-/adm-zip-0.4.14.tgz",
			"integrity": "sha512-/9aQCnQHF+0IiCl0qhXoK7qs//SwYE7zX8lsr/DNk1BRAHYxeLZPL4pguwK29gUEqasYQjqPtEpDRSWEkdHn9g==",
			"dev": true
		},
		"asynckit": {
			"version": "0.4.0",
			"resolved": "https://registry.npmjs.org/asynckit/-/asynckit-0.4.0.tgz",
			"integrity": "sha1-x57Zf380y48robyXkLzDZkdLS3k="
		},
		"at-least-node": {
			"version": "1.0.0",
			"resolved": "https://registry.npmjs.org/at-least-node/-/at-least-node-1.0.0.tgz",
			"integrity": "sha512-+q/t7Ekv1EDY2l6Gda6LLiX14rU9TV20Wa3ofeQmwPFZbOMo9DXrLbOjFaaclkXKWidIaopwAObQDqwWtGUjqg==",
			"dev": true
		},
		"aws-sdk": {
			"version": "2.749.0",
			"resolved": "https://registry.npmjs.org/aws-sdk/-/aws-sdk-2.749.0.tgz",
			"integrity": "sha512-dG7jbOfSrZpdhCniQpe3hXmRNjmlKX7DyZuLDJ5tDl/4+jmXUEjXpM1IhMi0wWXriO/AnHBKlKGsePx8vBMqcw==",
			"dev": true,
			"requires": {
				"buffer": "4.9.2",
				"events": "1.1.1",
				"ieee754": "1.1.13",
				"jmespath": "0.15.0",
				"querystring": "0.2.0",
				"sax": "1.2.1",
				"url": "0.10.3",
				"uuid": "3.3.2",
				"xml2js": "0.4.19"
			}
		},
		"base64-js": {
			"version": "1.3.1",
			"resolved": "https://registry.npmjs.org/base64-js/-/base64-js-1.3.1.tgz",
			"integrity": "sha512-mLQ4i2QO1ytvGWFWmcngKO//JXAQueZvwEKtjgQFM4jIK0kU+ytMfplL8j+n5mspOfjHwoAg+9yhb7BwAHm36g==",
			"dev": true
		},
		"bluebird": {
			"version": "3.7.2",
			"resolved": "https://registry.npmjs.org/bluebird/-/bluebird-3.7.2.tgz",
			"integrity": "sha512-XpNj6GDQzdfW+r2Wnn7xiSAd7TM3jzkxGXBGTtWKuSXv1xUV+azxAm8jdWZN06QTQk+2N2XB9jRDkvbmQmcRtg=="
		},
		"buffer": {
			"version": "4.9.2",
			"resolved": "https://registry.npmjs.org/buffer/-/buffer-4.9.2.tgz",
			"integrity": "sha512-xq+q3SRMOxGivLhBNaUdC64hDTQwejJ+H0T/NB1XMtTVEwNTrfFF3gAxiyW0Bu/xWEGhjVKgUcMhCrUy2+uCWg==",
			"dev": true,
			"requires": {
				"base64-js": "^1.0.2",
				"ieee754": "^1.1.4",
				"isarray": "^1.0.0"
			}
		},
		"combined-stream": {
			"version": "1.0.8",
			"resolved": "https://registry.npmjs.org/combined-stream/-/combined-stream-1.0.8.tgz",
			"integrity": "sha512-FQN4MRfuJeHf7cBbBMJFXhKSDq+2kAArBlmRBvcvFE5BB1HZKXtSFASDhdlz9zOYwxh8lDdnvmMOe/+5cdoEdg==",
			"requires": {
				"delayed-stream": "~1.0.0"
			}
		},
		"content-disposition": {
			"version": "0.5.3",
			"resolved": "https://registry.npmjs.org/content-disposition/-/content-disposition-0.5.3.tgz",
			"integrity": "sha512-ExO0774ikEObIAEV9kDo50o+79VCUdEB6n6lzKgGwupcVeRlhrj3qGAfwq8G6uBJjkqLrhT0qEYFcWng8z1z0g==",
			"requires": {
				"safe-buffer": "5.1.2"
			}
		},
		"delayed-stream": {
			"version": "1.0.0",
			"resolved": "https://registry.npmjs.org/delayed-stream/-/delayed-stream-1.0.0.tgz",
			"integrity": "sha1-3zrhmayt+31ECqrgsp4icrJOxhk="
		},
		"dotenv": {
			"version": "8.2.0",
			"resolved": "https://registry.npmjs.org/dotenv/-/dotenv-8.2.0.tgz",
			"integrity": "sha512-8sJ78ElpbDJBHNeBzUbUVLsqKdccaa/BXF1uPTw3GrvQTBgrQrtObr2mUrE38vzYd8cEv+m/JBfDLioYcfXoaw=="
		},
		"events": {
			"version": "1.1.1",
			"resolved": "https://registry.npmjs.org/events/-/events-1.1.1.tgz",
			"integrity": "sha1-nr23Y1rQmccNzEwqH1AEKI6L2SQ=",
			"dev": true
		},
		"form-data": {
			"version": "3.0.0",
			"resolved": "https://registry.npmjs.org/form-data/-/form-data-3.0.0.tgz",
			"integrity": "sha512-CKMFDglpbMi6PyN+brwB9Q/GOw0eAnsrEZDgcsH5Krhz5Od/haKHAX0NmQfha2zPPz0JpWzA7GJHGSnvCRLWsg==",
			"requires": {
				"asynckit": "^0.4.0",
				"combined-stream": "^1.0.8",
				"mime-types": "^2.1.12"
			}
		},
		"fs-extra": {
			"version": "9.0.0",
			"resolved": "https://registry.npmjs.org/fs-extra/-/fs-extra-9.0.0.tgz",
			"integrity": "sha512-pmEYSk3vYsG/bF651KPUXZ+hvjpgWYw/Gc7W9NFUe3ZVLczKKWIij3IKpOrQcdw4TILtibFslZ0UmR8Vvzig4g==",
			"dev": true,
			"requires": {
				"at-least-node": "^1.0.0",
				"graceful-fs": "^4.2.0",
				"jsonfile": "^6.0.1",
				"universalify": "^1.0.0"
			}
		},
		"graceful-fs": {
			"version": "4.2.4",
			"resolved": "https://registry.npmjs.org/graceful-fs/-/graceful-fs-4.2.4.tgz",
			"integrity": "sha512-WjKPNJF79dtJAVniUlGGWHYGz2jWxT6VhN/4m1NdkbZ2nOsEF+cI1Edgql5zCRhs/VsQYRvrXctxktVXZUkixw==",
			"dev": true
		},
		"ieee754": {
			"version": "1.1.13",
			"resolved": "https://registry.npmjs.org/ieee754/-/ieee754-1.1.13.tgz",
			"integrity": "sha512-4vf7I2LYV/HaWerSo3XmlMkp5eZ83i+/CDluXi/IGTs/O1sejBNhTtnxzmRZfvOUqj7lZjqHkeTvpgSFDlWZTg==",
			"dev": true
		},
		"isarray": {
			"version": "1.0.0",
			"resolved": "https://registry.npmjs.org/isarray/-/isarray-1.0.0.tgz",
			"integrity": "sha1-u5NdSFgsuhaMBoNJV6VKPgcSTxE=",
			"dev": true
		},
		"jmespath": {
			"version": "0.15.0",
			"resolved": "https://registry.npmjs.org/jmespath/-/jmespath-0.15.0.tgz",
			"integrity": "sha1-o/Iiqarp+Wb10nx5ZRDigJF2Qhc=",
			"dev": true
		},
		"jsonfile": {
			"version": "6.0.1",
			"resolved": "https://registry.npmjs.org/jsonfile/-/jsonfile-6.0.1.tgz",
			"integrity": "sha512-jR2b5v7d2vIOust+w3wtFKZIfpC2pnRmFAhAC/BuweZFQR8qZzxH1OyrQ10HmdVYiXWkYUqPVsz91cG7EL2FBg==",
			"dev": true,
			"requires": {
				"graceful-fs": "^4.1.6",
				"universalify": "^1.0.0"
			}
		},
		"jsonschema": {
			"version": "1.2.2",
			"resolved": "https://registry.npmjs.org/jsonschema/-/jsonschema-1.2.2.tgz",
			"integrity": "sha512-iX5OFQ6yx9NgbHCwse51ohhKgLuLL7Z5cNOeZOPIlDUtAMrxlruHLzVZxbltdHE5mEDXN+75oFOwq6Gn0MZwsA=="
		},
		"lodash": {
			"version": "4.17.19",
			"resolved": "https://registry.npmjs.org/lodash/-/lodash-4.17.19.tgz",
			"integrity": "sha512-JNvd8XER9GQX0v2qJgsaN/mzFCNA5BRe/j8JN9d+tWyGLSodKQHKFicdwNYzWwI3wjRnaKPsGj1XkBjx/F96DQ=="
		},
		"mime-db": {
			"version": "1.44.0",
			"resolved": "https://registry.npmjs.org/mime-db/-/mime-db-1.44.0.tgz",
			"integrity": "sha512-/NOTfLrsPBVeH7YtFPgsVWveuL+4SjjYxaQ1xtM1KMFj7HdxlBlxeyNLzhyJVx7r4rZGJAZ/6lkKCitSc/Nmpg=="
		},
		"mime-types": {
			"version": "2.1.27",
			"resolved": "https://registry.npmjs.org/mime-types/-/mime-types-2.1.27.tgz",
			"integrity": "sha512-JIhqnCasI9yD+SsmkquHBxTSEuZdQX5BuQnS2Vc7puQQQ+8yiP5AY5uWhpdv4YL4VM5c6iliiYWPgJ/nJQLp7w==",
			"requires": {
				"mime-db": "1.44.0"
			}
		},
		"mock-fs": {
			"version": "4.13.0",
			"resolved": "https://registry.npmjs.org/mock-fs/-/mock-fs-4.13.0.tgz",
			"integrity": "sha512-DD0vOdofJdoaRNtnWcrXe6RQbpHkPPmtqGq14uRX0F8ZKJ5nv89CVTYl/BZdppDxBDaV0hl75htg3abpEWlPZA==",
			"dev": true
		},
		"node-fetch": {
			"version": "2.6.0",
			"resolved": "https://registry.npmjs.org/node-fetch/-/node-fetch-2.6.0.tgz",
			"integrity": "sha512-8dG4H5ujfvFiqDmVu9fQ5bOHUC15JMjMY/Zumv26oOvvVJjM67KF8koCWIabKQ1GJIa9r2mMZscBq/TbdOcmNA=="
		},
		"oauth-sign": {
			"version": "0.9.0",
			"resolved": "https://registry.npmjs.org/oauth-sign/-/oauth-sign-0.9.0.tgz",
			"integrity": "sha512-fexhUFFPTGV8ybAtSIGbV6gOkSv8UtRbDBnAyLQw4QPKkgNlsH2ByPGtMUqdWkos6YCRmAqViwgZrJc/mRDzZQ=="
		},
		"punycode": {
			"version": "1.3.2",
			"resolved": "https://registry.npmjs.org/punycode/-/punycode-1.3.2.tgz",
			"integrity": "sha1-llOgNvt8HuQjQvIyXM7v6jkmxI0=",
			"dev": true
		},
		"querystring": {
			"version": "0.2.0",
			"resolved": "https://registry.npmjs.org/querystring/-/querystring-0.2.0.tgz",
			"integrity": "sha1-sgmEkgO7Jd+CDadW50cAWHhSFiA=",
			"dev": true
		},
		"safe-buffer": {
			"version": "5.1.2",
			"resolved": "https://registry.npmjs.org/safe-buffer/-/safe-buffer-5.1.2.tgz",
			"integrity": "sha512-Gd2UZBJDkXlY7GbJxfsE8/nvKkUEU1G38c1siN6QP6a9PT9MmHB8GnpscSmMJSoF8LOIrt8ud/wPtojys4G6+g=="
		},
		"sax": {
			"version": "1.2.1",
			"resolved": "https://registry.npmjs.org/sax/-/sax-1.2.1.tgz",
			"integrity": "sha1-e45lYZCyKOgaZq6nSEgNgozS03o=",
			"dev": true
		},
		"semver": {
			"version": "7.3.2",
			"resolved": "https://registry.npmjs.org/semver/-/semver-7.3.2.tgz",
			"integrity": "sha512-OrOb32TeeambH6UrhtShmF7CRDqhL6/5XpPNp2DuRH6+9QLw/orhp72j87v8Qa1ScDkvrrBNpZcDejAirJmfXQ=="
		},
		"universalify": {
			"version": "1.0.0",
			"resolved": "https://registry.npmjs.org/universalify/-/universalify-1.0.0.tgz",
			"integrity": "sha512-rb6X1W158d7pRQBg5gkR8uPaSfiids68LTJQYOtEUhoJUWBdaQHsuT/EUduxXYxcrt4r5PJ4fuHW1MHT6p0qug==",
			"dev": true
		},
		"url": {
			"version": "0.10.3",
			"resolved": "https://registry.npmjs.org/url/-/url-0.10.3.tgz",
			"integrity": "sha1-Ah5NnHcF8hu/N9A861h2dAJ3TGQ=",
			"dev": true,
			"requires": {
				"punycode": "1.3.2",
				"querystring": "0.2.0"
			}
		},
		"uuid": {
			"version": "3.3.2",
			"resolved": "https://registry.npmjs.org/uuid/-/uuid-3.3.2.tgz",
			"integrity": "sha512-yXJmeNaw3DnnKAOKJE51sL/ZaYfWJRl1pK9dr19YFCu0ObS231AB1/LbqTKRAQ5kw8A90rA6fr4riOUpTZvQZA==",
			"dev": true
		},
		"xml2js": {
			"version": "0.4.19",
			"resolved": "https://registry.npmjs.org/xml2js/-/xml2js-0.4.19.tgz",
			"integrity": "sha512-esZnJZJOiJR9wWKMyuvSE1y6Dq5LCuJanqhxslH2bxM6duahNZ+HMpCLhBQGZkbX6xRf8x1Y2eJlgt2q3qo49Q==",
			"dev": true,
			"requires": {
				"sax": ">=0.6.0",
				"xmlbuilder": "~9.0.1"
			}
		},
		"xmlbuilder": {
			"version": "9.0.7",
			"resolved": "https://registry.npmjs.org/xmlbuilder/-/xmlbuilder-9.0.7.tgz",
			"integrity": "sha1-Ey7mPS7FVlxVfiD0wi35rKaGsQ0=",
			"dev": true
		},
		"zapier-platform-schema": {
			"version": "10.1.1",
			"resolved": "https://registry.npmjs.org/zapier-platform-schema/-/zapier-platform-schema-10.1.1.tgz",
			"integrity": "sha512-CDaixIcfxZSMAEj+ZiYmyPloTXzIufwSN0RJla4MAxa35iHKM+GG+/YfjBWka7ScUC3ZxirJiQv0aLq8CK5dRw==",
			"requires": {
				"jsonschema": "1.2.2",
				"lodash": "4.17.19"
			}
		}
	}
}
